{
  "name": "regimonitor",
  "version": "1.0.0",
  "lockfileVersion": 3,
  "requires": true,
  "packages": {
    "": {
      "name": "regimonitor",
      "version": "1.0.0",
      "license": "MIT"
    },
    "backend": {
      "name": "regimonitor-backend",
      "version": "1.0.0",
      "extraneous": true,
      "license": "MIT",
      "dependencies": {
        "dotenv": "^17.2.1",
        "express": "^4.18.2",
        "ping": "^0.4.4"
      },
      "devDependencies": {
        "nodemon": "^3.0.1"
      }
    },
    "frontend": {
      "name": "regimonitor-frontend",
      "version": "1.0.0",
      "extraneous": true,
      "license": "MIT"
    }
  }
}
